hash: 779fcb1e9e5ddaf7c91afafeeb15ffd41350460ef16d7544f999e24fe6a01c71
updated: 2020-02-05T20:33:01.349602+01:00
imports:
- name: github.com/go-sql-driver/mysql
  version: 17ef3dd9d98b69acec3e85878995ada9533a9370
- name: github.com/gorilla/mux
  version: c5c6c98bc25355028a63748a498942a6398ccd22
- name: github.com/jinzhu/gorm
  version: b7156195f7f3415f97c20abbd6aff894b847fee8
  subpackages:
  - dialects/mysql
- name: github.com/jinzhu/inflection
  version: f5c5f50e6090ae76a29240b61ae2a90dd810112e
- name: github.com/king-success/go-rest-api
  version: aec1c53c26f7bfe861334570b03cf2879279b7f8
  subpackages:
  - pkg/config
  - pkg/controllers
  - pkg/models
  - pkg/routes
  - pkg/utils
testImports: []
